
Microsoft Visual Studio Solution File, Format Version 12.00
# Visual Studio Version 17
VisualStudioVersion = 17.8.34525.116
MinimumVisualStudioVersion = 10.0.40219.1
Project("{FAE04EC0-301F-11D3-BF4B-00C04F79EFBC}") = "Solution.MagasinOnLigne.Core", "Solution.MagasinOnLigne.Core\Solution.MagasinOnLigne.Core.csproj", "{4EB9EEC9-28CA-471E-A1C7-4DA50D712084}"
EndProject
Project("{FAE04EC0-301F-11D3-BF4B-00C04F79EFBC}") = "Solution.MagasinOnLigne.POCO", "Solution.MagasinOnLigne.POCO\Solution.MagasinOnLigne.POCO.csproj", "{929A3D95-172D-416D-B5E8-3087CF9E81B3}"
EndProject
Project("{FAE04EC0-301F-11D3-BF4B-00C04F79EFBC}") = "Solution.MagasinOnLigne.DAO", "Solution.MagasinOnLigne.DAO\Solution.MagasinOnLigne.DAO.csproj", "{78804B69-57B2-4BAB-B523-CA3D142AADC4}"
EndProject
Project("{FAE04EC0-301F-11D3-BF4B-00C04F79EFBC}") = "Solution.MagasinOnLigne.Services", "Solution.MagasinOnLigne.Services\Solution.MagasinOnLigne.Services.csproj", "{F7D006E8-6260-4AC3-8634-5190D1CC48DE}"
EndProject
Project("{2150E333-8FDC-42A3-9474-1A3956D46DE8}") = "Client", "Client", "{FB288A44-1000-44DA-A98F-CDD251F3DE68}"
EndProject
Global
	GlobalSection(SolutionConfigurationPlatforms) = preSolution
		Debug|Any CPU = Debug|Any CPU
		Release|Any CPU = Release|Any CPU
	EndGlobalSection
	GlobalSection(ProjectConfigurationPlatforms) = postSolution
		{4EB9EEC9-28CA-471E-A1C7-4DA50D712084}.Debug|Any CPU.ActiveCfg = Debug|Any CPU
		{4EB9EEC9-28CA-471E-A1C7-4DA50D712084}.Debug|Any CPU.Build.0 = Debug|Any CPU
		{4EB9EEC9-28CA-471E-A1C7-4DA50D712084}.Release|Any CPU.ActiveCfg = Release|Any CPU
		{4EB9EEC9-28CA-471E-A1C7-4DA50D712084}.Release|Any CPU.Build.0 = Release|Any CPU
		{929A3D95-172D-416D-B5E8-3087CF9E81B3}.Debug|Any CPU.ActiveCfg = Debug|Any CPU
		{929A3D95-172D-416D-B5E8-3087CF9E81B3}.Debug|Any CPU.Build.0 = Debug|Any CPU
		{929A3D95-172D-416D-B5E8-3087CF9E81B3}.Release|Any CPU.ActiveCfg = Release|Any CPU
		{929A3D95-172D-416D-B5E8-3087CF9E81B3}.Release|Any CPU.Build.0 = Release|Any CPU
		{78804B69-57B2-4BAB-B523-CA3D142AADC4}.Debug|Any CPU.ActiveCfg = Debug|Any CPU
		{78804B69-57B2-4BAB-B523-CA3D142AADC4}.Debug|Any CPU.Build.0 = Debug|Any CPU
		{78804B69-57B2-4BAB-B523-CA3D142AADC4}.Release|Any CPU.ActiveCfg = Release|Any CPU
		{78804B69-57B2-4BAB-B523-CA3D142AADC4}.Release|Any CPU.Build.0 = Release|Any CPU
		{F7D006E8-6260-4AC3-8634-5190D1CC48DE}.Debug|Any CPU.ActiveCfg = Debug|Any CPU
		{F7D006E8-6260-4AC3-8634-5190D1CC48DE}.Debug|Any CPU.Build.0 = Debug|Any CPU
		{F7D006E8-6260-4AC3-8634-5190D1CC48DE}.Release|Any CPU.ActiveCfg = Release|Any CPU
		{F7D006E8-6260-4AC3-8634-5190D1CC48DE}.Release|Any CPU.Build.0 = Release|Any CPU
	EndGlobalSection
	GlobalSection(SolutionProperties) = preSolution
		HideSolutionNode = FALSE
	EndGlobalSection
	GlobalSection(ExtensibilityGlobals) = postSolution
		SolutionGuid = {6C0D6167-7355-40C0-ACDB-335A9154B32B}
	EndGlobalSection
EndGlobal
